# This file is autogenerated, do not edit; changes may be undone by the next 'dep ensure'.


[[projects]]
  name = "github.com/gogo/protobuf"
  packages = [
    "gogoproto",
    "proto",
    "protoc-gen-gogo/descriptor"
  ]
  revision = "342cbe0a04158f6dcb03ca0079991a51a4248c02"
  version = "v0.5"

[[projects]]
  branch = "master"
  name = "github.com/jmhodges/levigo"
  packages = ["."]
  revision = "c42d9e0ca023e2198120196f842701bb4c55d7b9"

[[projects]]
  branch = "master"
  name = "github.com/lib/pq"
  packages = [
    ".",
    "hstore",
    "oid"
  ]
  revision = "8c6ee72f3e6bcb1542298dd5f76cb74af9742cec"

[[projects]]
  name = "github.com/omniscale/go-osm"
  packages = [
    ".",
    "parser/diff",
    "parser/pbf",
    "parser/pbf/internal/osmpbf",
    "replication",
    "replication/diff",
    "replication/internal/source",
    "state"
  ]
  revision = "c98f262524f0167a51f58b91c99c93e09f1d07e6"
  version = "v0.2.0"

[[projects]]
  name = "github.com/pkg/errors"
  packages = ["."]
  revision = "645ef00459ed84a119197bfb8d8205042c6df63d"
  version = "v0.8.0"

[[projects]]
  branch = "master"
  name = "golang.org/x/sys"
  packages = ["unix"]
  revision = "bf42f188b9bc6f2cf5b8ee5a912ef1aedd0eba4c"

[[projects]]
  name = "gopkg.in/fsnotify.v1"
  packages = ["."]
  revision = "629574ca2a5df945712d3079857300b5e4da0236"
  version = "v1.4.2"

[[projects]]
  branch = "v2"
  name = "gopkg.in/yaml.v2"
  packages = ["."]
  revision = "eb3733d160e74a9c7e442f435eb3bea458e1d19f"

[solve-meta]
  analyzer-name = "dep"
  analyzer-version = 1
  inputs-digest = "590ff48fa0e03832e2ebf06c54a06921e25295431067fde73d4af9b5ebf57520"
  solver-name = "gps-cdcl"
  solver-version = 1
